
Microsoft Visual Studio Solution File, Format Version 12.00
# Visual Studio Version 17
VisualStudioVersion = 17.1.32414.318
MinimumVisualStudioVersion = 10.0.40219.1
Project("{9A19103F-16F7-4668-BE54-9A1E7A4F7556}") = "NeuronProject", "NeuronProject\NeuronProject.csproj", "{799097E3-E8BD-4251-8495-3684318692F8}"
EndProject
Project("{9A19103F-16F7-4668-BE54-9A1E7A4F7556}") = "NeuronInterface", "NeuronInterface\NeuronInterface.csproj", "{B1D8EA5F-96F4-4E83-8590-3DB33F47BE1D}"
EndProject
Global
	GlobalSection(SolutionConfigurationPlatforms) = preSolution
		Debug|Any CPU = Debug|Any CPU
		Release|Any CPU = Release|Any CPU
	EndGlobalSection
	GlobalSection(ProjectConfigurationPlatforms) = postSolution
		{799097E3-E8BD-4251-8495-3684318692F8}.Debug|Any CPU.ActiveCfg = Debug|Any CPU
		{799097E3-E8BD-4251-8495-3684318692F8}.Debug|Any CPU.Build.0 = Debug|Any CPU
		{799097E3-E8BD-4251-8495-3684318692F8}.Release|Any CPU.ActiveCfg = Release|Any CPU
		{799097E3-E8BD-4251-8495-3684318692F8}.Release|Any CPU.Build.0 = Release|Any CPU
		{B1D8EA5F-96F4-4E83-8590-3DB33F47BE1D}.Debug|Any CPU.ActiveCfg = Debug|Any CPU
		{B1D8EA5F-96F4-4E83-8590-3DB33F47BE1D}.Debug|Any CPU.Build.0 = Debug|Any CPU
		{B1D8EA5F-96F4-4E83-8590-3DB33F47BE1D}.Release|Any CPU.ActiveCfg = Release|Any CPU
		{B1D8EA5F-96F4-4E83-8590-3DB33F47BE1D}.Release|Any CPU.Build.0 = Release|Any CPU
	EndGlobalSection
	GlobalSection(SolutionProperties) = preSolution
		HideSolutionNode = FALSE
	EndGlobalSection
	GlobalSection(ExtensibilityGlobals) = postSolution
		SolutionGuid = {A8BBB4B0-5E5A-4058-A0C6-9C172A46BADF}
	EndGlobalSection
EndGlobal
